DEPENDENCIES
  garcon
    path: ../../../../git/cookbooks/garcon
  sudo (~> 2.7.1)
  test_fixtures
    path: test/fixtures/cookbooks/test_fixtures
  websphere
    path: .
    metadata: true

GRAPH
  build-essential (2.1.3)
  chef_handler (1.1.6)
  garcon (0.7.3)
    build-essential (>= 2.1.2)
    chef_handler (~> 1.1.6)
  ohai (2.0.1)
  sudo (2.7.1)
  test_fixtures (0.1.0)
    chef_handler (~> 1.1.6)
  websphere (0.1.0)
    chef_handler (~> 1.1.6)
    garcon (~> 0.7.3)
    ohai (~> 2.0.1)
